// !$*UTF8*$!
{
	archiveVersion = 1;
	classes = {
	};
	objectVersion = 50;
	objects = {

/* Begin PBXBuildFile section */
		610D4B9F229385EF00FE520D /* AppDelegate.m in Sources */ = {isa = PBXBuildFile; fileRef = 610D4B9E229385EF00FE520D /* AppDelegate.m */; };
		610D4BA2229385EF00FE520D /* ViewController.m in Sources */ = {isa = PBXBuildFile; fileRef = 610D4BA1229385EF00FE520D /* ViewController.m */; };
		610D4BA7229385F900FE520D /* Assets.xcassets in Resources */ = {isa = PBXBuildFile; fileRef = 610D4BA6229385F900FE520D /* Assets.xcassets */; };
		610D4BAD229385F900FE520D /* main.m in Sources */ = {isa = PBXBuildFile; fileRef = 610D4BAC229385F900FE520D /* main.m */; };
		610D4BB7229385F900FE520D /* calculator_testUITests.m in Sources */ = {isa = PBXBuildFile; fileRef = 610D4BB6229385F900FE520D /* calculator_testUITests.m */; };
		611FC095229F869D00E82E60 /* DataModel.m in Sources */ = {isa = PBXBuildFile; fileRef = 611FC094229F869D00E82E60 /* DataModel.m */; };
		611FC098229F8B3900E82E60 /* DBOperation.m in Sources */ = {isa = PBXBuildFile; fileRef = 611FC097229F8B3900E82E60 /* DBOperation.m */; };
		615314AC229E12CF00DBADF7 /* LoginViewController.m in Sources */ = {isa = PBXBuildFile; fileRef = 615314AB229E12CF00DBADF7 /* LoginViewController.m */; };
		615314AF229E148200DBADF7 /* textBackground.m in Sources */ = {isa = PBXBuildFile; fileRef = 615314AE229E148200DBADF7 /* textBackground.m */; };
		615314B2229E1B2C00DBADF7 /* RegisterViewController.m in Sources */ = {isa = PBXBuildFile; fileRef = 615314B1229E1B2C00DBADF7 /* RegisterViewController.m */; };
		615314B5229E4A2F00DBADF7 /* libsqlite3.tbd in Frameworks */ = {isa = PBXBuildFile; fileRef = 615314B4229E4A2F00DBADF7 /* libsqlite3.tbd */; };
		61CEA2E422A4BA920048CE6B /* user.png in Resources */ = {isa = PBXBuildFile; fileRef = 61CEA2E322A4BA920048CE6B /* user.png */; };
		61CEA2E622A4BA9F0048CE6B /* unlock.png in Resources */ = {isa = PBXBuildFile; fileRef = 61CEA2E522A4BA9E0048CE6B /* unlock.png */; };
		61CEA2E822A4BAA60048CE6B /* lock.png in Resources */ = {isa = PBXBuildFile; fileRef = 61CEA2E722A4BAA60048CE6B /* lock.png */; };
/* End PBXBuildFile section */

/* Begin PBXContainerItemProxy section */
		610D4BB3229385F900FE520D /* PBXContainerItemProxy */ = {
			isa = PBXContainerItemProxy;
			containerPortal = 610D4B92229385EF00FE520D /* Project object */;
			proxyType = 1;
			remoteGlobalIDString = 610D4B99229385EF00FE520D;
			remoteInfo = calculator_test;
		};
/* End PBXContainerItemProxy section */

/* Begin PBXFileReference section */
		610D4B9A229385EF00FE520D /* calculator_test.app */ = {isa = PBXFileReference; explicitFileType = wrapper.application; includeInIndex = 0; path = calculator_test.app; sourceTree = BUILT_PRODUCTS_DIR; };
		610D4B9D229385EF00FE520D /* AppDelegate.h */ = {isa = PBXFileReference; lastKnownFileType = sourcecode.c.h; path = AppDelegate.h; sourceTree = "<group>"; };
		610D4B9E229385EF00FE520D /* AppDelegate.m */ = {isa = PBXFileReference; lastKnownFileType = sourcecode.c.objc; path = AppDelegate.m; sourceTree = "<group>"; };
		610D4BA0229385EF00FE520D /* ViewController.h */ = {isa = PBXFileReference; lastKnownFileType = sourcecode.c.h; path = ViewController.h; sourceTree = "<group>"; };
		610D4BA1229385EF00FE520D /* ViewController.m */ = {isa = PBXFileReference; lastKnownFileType = sourcecode.c.objc; path = ViewController.m; sourceTree = "<group>"; };
		610D4BA6229385F900FE520D /* Assets.xcassets */ = {isa = PBXFileReference; lastKnownFileType = folder.assetcatalog; path = Assets.xcassets; sourceTree = "<group>"; };
		610D4BAB229385F900FE520D /* Info.plist */ = {isa = PBXFileReference; lastKnownFileType = text.plist.xml; path = Info.plist; sourceTree = "<group>"; };
		610D4BAC229385F900FE520D /* main.m */ = {isa = PBXFileReference; lastKnownFileType = sourcecode.c.objc; path = main.m; sourceTree = "<group>"; };
		610D4BB2229385F900FE520D /* calculator_testUITests.xctest */ = {isa = PBXFileReference; explicitFileType = wrapper.cfbundle; includeInIndex = 0; path = calculator_testUITests.xctest; sourceTree = BUILT_PRODUCTS_DIR; };
		610D4BB6229385F900FE520D /* calculator_testUITests.m */ = {isa = PBXFileReference; lastKnownFileType = sourcecode.c.objc; path = calculator_testUITests.m; sourceTree = "<group>"; };
		610D4BB8229385F900FE520D /* Info.plist */ = {isa = PBXFileReference; lastKnownFileType = text.plist.xml; path = Info.plist; sourceTree = "<group>"; };
		611FC093229F869D00E82E60 /* DataModel.h */ = {isa = PBXFileReference; lastKnownFileType = sourcecode.c.h; path = DataModel.h; sourceTree = "<group>"; };
		611FC094229F869D00E82E60 /* DataModel.m */ = {isa = PBXFileReference; lastKnownFileType = sourcecode.c.objc; path = DataModel.m; sourceTree = "<group>"; };
		611FC096229F8B3900E82E60 /* DBOperation.h */ = {isa = PBXFileReference; lastKnownFileType = sourcecode.c.h; path = DBOperation.h; sourceTree = "<group>"; };
		611FC097229F8B3900E82E60 /* DBOperation.m */ = {isa = PBXFileReference; lastKnownFileType = sourcecode.c.objc; path = DBOperation.m; sourceTree = "<group>"; };
		615314AA229E12CF00DBADF7 /* LoginViewController.h */ = {isa = PBXFileReference; lastKnownFileType = sourcecode.c.h; path = LoginViewController.h; sourceTree = "<group>"; };
		615314AB229E12CF00DBADF7 /* LoginViewController.m */ = {isa = PBXFileReference; lastKnownFileType = sourcecode.c.objc; path = LoginViewController.m; sourceTree = "<group>"; };
		615314AD229E148200DBADF7 /* textBackground.h */ = {isa = PBXFileReference; lastKnownFileType = sourcecode.c.h; path = textBackground.h; sourceTree = "<group>"; };
		615314AE229E148200DBADF7 /* textBackground.m */ = {isa = PBXFileReference; lastKnownFileType = sourcecode.c.objc; path = textBackground.m; sourceTree = "<group>"; };
		615314B0229E1B2C00DBADF7 /* RegisterViewController.h */ = {isa = PBXFileReference; lastKnownFileType = sourcecode.c.h; path = RegisterViewController.h; sourceTree = "<group>"; };
		615314B1229E1B2C00DBADF7 /* RegisterViewController.m */ = {isa = PBXFileReference; lastKnownFileType = sourcecode.c.objc; path = RegisterViewController.m; sourceTree = "<group>"; };
		615314B4229E4A2F00DBADF7 /* libsqlite3.tbd */ = {isa = PBXFileReference; lastKnownFileType = "sourcecode.text-based-dylib-definition"; name = libsqlite3.tbd; path = usr/lib/libsqlite3.tbd; sourceTree = SDKROOT; };
		61656F72229D1BF60015B2EC /* Header.h */ = {isa = PBXFileReference; lastKnownFileType = sourcecode.c.h; path = Header.h; sourceTree = "<group>"; };
		61CEA2E322A4BA920048CE6B /* user.png */ = {isa = PBXFileReference; lastKnownFileType = image.png; path = user.png; sourceTree = "<group>"; };
		61CEA2E522A4BA9E0048CE6B /* unlock.png */ = {isa = PBXFileReference; lastKnownFileType = image.png; path = unlock.png; sourceTree = "<group>"; };
		61CEA2E722A4BAA60048CE6B /* lock.png */ = {isa = PBXFileReference; lastKnownFileType = image.png; path = lock.png; sourceTree = "<group>"; };
/* End PBXFileReference section */

/* Begin PBXFrameworksBuildPhase section */
		610D4B97229385EF00FE520D /* Frameworks */ = {
			isa = PBXFrameworksBuildPhase;
			buildActionMask = 2147483647;
			files = (
				615314B5229E4A2F00DBADF7 /* libsqlite3.tbd in Frameworks */,
			);
			runOnlyForDeploymentPostprocessing = 0;
		};
		610D4BAF229385F900FE520D /* Frameworks */ = {
			isa = PBXFrameworksBuildPhase;
			buildActionMask = 2147483647;
			files = (
			);
			runOnlyForDeploymentPostprocessing = 0;
		};
/* End PBXFrameworksBuildPhase section */

/* Begin PBXGroup section */
		610D4B91229385EF00FE520D = {
			isa = PBXGroup;
			children = (
				61CEA2EE22A4EE7D0048CE6B /* DateBase */,
				61CEA2E022A4B9DF0048CE6B /* img */,
				610D4B9C229385EF00FE520D /* calculator_test */,
				610D4BB5229385F900FE520D /* calculator_testUITests */,
				610D4B9B229385EF00FE520D /* Products */,
				615314B3229E4A2F00DBADF7 /* Frameworks */,
			);
			sourceTree = "<group>";
		};
		610D4B9B229385EF00FE520D /* Products */ = {
			isa = PBXGroup;
			children = (
				610D4B9A229385EF00FE520D /* calculator_test.app */,
				610D4BB2229385F900FE520D /* calculator_testUITests.xctest */,
			);
			name = Products;
			sourceTree = "<group>";
		};
		610D4B9C229385EF00FE520D /* calculator_test */ = {
			isa = PBXGroup;
			children = (
				610D4B9D229385EF00FE520D /* AppDelegate.h */,
				610D4B9E229385EF00FE520D /* AppDelegate.m */,
				610D4BA0229385EF00FE520D /* ViewController.h */,
				610D4BA1229385EF00FE520D /* ViewController.m */,
				615314AA229E12CF00DBADF7 /* LoginViewController.h */,
				615314AB229E12CF00DBADF7 /* LoginViewController.m */,
				615314B0229E1B2C00DBADF7 /* RegisterViewController.h */,
				615314B1229E1B2C00DBADF7 /* RegisterViewController.m */,
				615314AD229E148200DBADF7 /* textBackground.h */,
				615314AE229E148200DBADF7 /* textBackground.m */,
				611FC093229F869D00E82E60 /* DataModel.h */,
				611FC094229F869D00E82E60 /* DataModel.m */,
				611FC096229F8B3900E82E60 /* DBOperation.h */,
				611FC097229F8B3900E82E60 /* DBOperation.m */,
				610D4BA6229385F900FE520D /* Assets.xcassets */,
				610D4BAB229385F900FE520D /* Info.plist */,
				610D4BAC229385F900FE520D /* main.m */,
				61656F72229D1BF60015B2EC /* Header.h */,
			);
			path = calculator_test;
			sourceTree = "<group>";
		};
		610D4BB5229385F900FE520D /* calculator_testUITests */ = {
			isa = PBXGroup;
			children = (
				610D4BB6229385F900FE520D /* calculator_testUITests.m */,
				610D4BB8229385F900FE520D /* Info.plist */,
			);
			path = calculator_testUITests;
			sourceTree = "<group>";
		};
		615314B3229E4A2F00DBADF7 /* Frameworks */ = {
			isa = PBXGroup;
			children = (
				615314B4229E4A2F00DBADF7 /* libsqlite3.tbd */,
			);
			name = Frameworks;
			sourceTree = "<group>";
		};
		61CEA2E022A4B9DF0048CE6B /* img */ = {
			isa = PBXGroup;
			children = (
				61CEA2E722A4BAA60048CE6B /* lock.png */,
				61CEA2E322A4BA920048CE6B /* user.png */,
				61CEA2E522A4BA9E0048CE6B /* unlock.png */,
			);
			path = img;
			sourceTree = "<group>";
		};
		61CEA2EE22A4EE7D0048CE6B /* DateBase */ = {
			isa = PBXGroup;
			children = (
			);
			path = DateBase;
			sourceTree = "<group>";
		};
/* End PBXGroup section */

/* Begin PBXNativeTarget section */
		610D4B99229385EF00FE520D /* calculator_test */ = {
			isa = PBXNativeTarget;
			buildConfigurationList = 610D4BBB229385F900FE520D /* Build configuration list for PBXNativeTarget "calculator_test" */;
			buildPhases = (
				610D4B96229385EF00FE520D /* Sources */,
				610D4B97229385EF00FE520D /* Frameworks */,
				610D4B98229385EF00FE520D /* Resources */,
			);
			buildRules = (
			);
			dependencies = (
			);
			name = calculator_test;
			productName = calculator_test;
			productReference = 610D4B9A229385EF00FE520D /* calculator_test.app */;
			productType = "com.apple.product-type.application";
		};
		610D4BB1229385F900FE520D /* calculator_testUITests */ = {
			isa = PBXNativeTarget;
			buildConfigurationList = 610D4BBE229385F900FE520D /* Build configuration list for PBXNativeTarget "calculator_testUITests" */;
			buildPhases = (
				610D4BAE229385F900FE520D /* Sources */,
				610D4BAF229385F900FE520D /* Frameworks */,
				610D4BB0229385F900FE520D /* Resources */,
			);
			buildRules = (
			);
			dependencies = (
				610D4BB4229385F900FE520D /* PBXTargetDependency */,
			);
			name = calculator_testUITests;
			productName = calculator_testUITests;
			productReference = 610D4BB2229385F900FE520D /* calculator_testUITests.xctest */;
			productType = "com.apple.product-type.bundle.ui-testing";
		};
/* End PBXNativeTarget section */

/* Begin PBXProject section */
		610D4B92229385EF00FE520D /* Project object */ = {
			isa = PBXProject;
			attributes = {
				LastUpgradeCheck = 1020;
				ORGANIZATIONNAME = fz500net;
				TargetAttributes = {
					610D4B99229385EF00FE520D = {
						CreatedOnToolsVersion = 10.2.1;
					};
					610D4BB1229385F900FE520D = {
						CreatedOnToolsVersion = 10.2.1;
						TestTargetID = 610D4B99229385EF00FE520D;
					};
				};
			};
			buildConfigurationList = 610D4B95229385EF00FE520D /* Build configuration list for PBXProject "calculator_test" */;
			compatibilityVersion = "Xcode 9.3";
			developmentRegion = en;
			hasScannedForEncodings = 0;
			knownRegions = (
				en,
				Base,
			);
			mainGroup = 610D4B91229385EF00FE520D;
			productRefGroup = 610D4B9B229385EF00FE520D /* Products */;
			projectDirPath = "";
			projectRoot = "";
			targets = (
				610D4B99229385EF00FE520D /* calculator_test */,
				610D4BB1229385F900FE520D /* calculator_testUITests */,
			);
		};
/* End PBXProject section */

/* Begin PBXResourcesBuildPhase section */
		610D4B98229385EF00FE520D /* Resources */ = {
			isa = PBXResourcesBuildPhase;
			buildActionMask = 2147483647;
			files = (
				61CEA2E822A4BAA60048CE6B /* lock.png in Resources */,
				61CEA2E622A4BA9F0048CE6B /* unlock.png in Resources */,
				610D4BA7229385F900FE520D /* Assets.xcassets in Resources */,
				61CEA2E422A4BA920048CE6B /* user.png in Resources */,
			);
			runOnlyForDeploymentPostprocessing = 0;
		};
		610D4BB0229385F900FE520D /* Resources */ = {
			isa = PBXResourcesBuildPhase;
			buildActionMask = 2147483647;
			files = (
			);
			runOnlyForDeploymentPostprocessing = 0;
		};
/* End PBXResourcesBuildPhase section */

/* Begin PBXSourcesBuildPhase section */
		610D4B96229385EF00FE520D /* Sources */ = {
			isa = PBXSourcesBuildPhase;
			buildActionMask = 2147483647;
			files = (
				615314AC229E12CF00DBADF7 /* LoginViewController.m in Sources */,
				615314B2229E1B2C00DBADF7 /* RegisterViewController.m in Sources */,
				610D4BA2229385EF00FE520D /* ViewController.m in Sources */,
				615314AF229E148200DBADF7 /* textBackground.m in Sources */,
				611FC095229F869D00E82E60 /* DataModel.m in Sources */,
				610D4BAD229385F900FE520D /* main.m in Sources */,
				610D4B9F229385EF00FE520D /* AppDelegate.m in Sources */,
				611FC098229F8B3900E82E60 /* DBOperation.m in Sources */,
			);
			runOnlyForDeploymentPostprocessing = 0;
		};
		610D4BAE229385F900FE520D /* Sources */ = {
			isa = PBXSourcesBuildPhase;
			buildActionMask = 2147483647;
			files = (
				610D4BB7229385F900FE520D /* calculator_testUITests.m in Sources */,
			);
			runOnlyForDeploymentPostprocessing = 0;
		};
/* End PBXSourcesBuildPhase section */

/* Begin PBXTargetDependency section */
		610D4BB4229385F900FE520D /* PBXTargetDependency */ = {
			isa = PBXTargetDependency;
			target = 610D4B99229385EF00FE520D /* calculator_test */;
			targetProxy = 610D4BB3229385F900FE520D /* PBXContainerItemProxy */;
		};
/* End PBXTargetDependency section */

/* Begin XCBuildConfiguration section */
		610D4BB9229385F900FE520D /* Debug */ = {
			isa = XCBuildConfiguration;
			buildSettings = {
				ALWAYS_SEARCH_USER_PATHS = NO;
				CLANG_ANALYZER_NONNULL = YES;
				CLANG_ANALYZER_NUMBER_OBJECT_CONVERSION = YES_AGGRESSIVE;
				CLANG_CXX_LANGUAGE_STANDARD = "gnu++14";
				CLANG_CXX_LIBRARY = "libc++";
				CLANG_ENABLE_MODULES = YES;
				CLANG_ENABLE_OBJC_ARC = YES;
				CLANG_ENABLE_OBJC_WEAK = YES;
				CLANG_WARN_BLOCK_CAPTURE_AUTORELEASING = YES;
				CLANG_WARN_BOOL_CONVERSION = YES;
				CLANG_WARN_COMMA = YES;
				CLANG_WARN_CONSTANT_CONVERSION = YES;
				CLANG_WARN_DEPRECATED_OBJC_IMPLEMENTATIONS = YES;
				CLANG_WARN_DIRECT_OBJC_ISA_USAGE = YES_ERROR;
				CLANG_WARN_DOCUMENTATION_COMMENTS = YES;
				CLANG_WARN_EMPTY_BODY = YES;
				CLANG_WARN_ENUM_CONVERSION = YES;
				CLANG_WARN_INFINITE_RECURSION = YES;
				CLANG_WARN_INT_CONVERSION = YES;
				CLANG_WARN_NON_LITERAL_NULL_CONVERSION = YES;
				CLANG_WARN_OBJC_IMPLICIT_RETAIN_SELF = YES;
				CLANG_WARN_OBJC_LITERAL_CONVERSION = YES;
				CLANG_WARN_OBJC_ROOT_CLASS = YES_ERROR;
				CLANG_WARN_RANGE_LOOP_ANALYSIS = YES;
				CLANG_WARN_STRICT_PROTOTYPES = YES;
				CLANG_WARN_SUSPICIOUS_MOVE = YES;
				CLANG_WARN_UNGUARDED_AVAILABILITY = YES_AGGRESSIVE;
				CLANG_WARN_UNREACHABLE_CODE = YES;
				CLANG_WARN__DUPLICATE_METHOD_MATCH = YES;
				CODE_SIGN_IDENTITY = "iPhone Developer";
				COPY_PHASE_STRIP = NO;
				DEBUG_INFORMATION_FORMAT = dwarf;
				ENABLE_STRICT_OBJC_MSGSEND = YES;
				ENABLE_TESTABILITY = YES;
				GCC_C_LANGUAGE_STANDARD = gnu11;
				GCC_DYNAMIC_NO_PIC = NO;
				GCC_NO_COMMON_BLOCKS = YES;
				GCC_OPTIMIZATION_LEVEL = 0;
				GCC_PREPROCESSOR_DEFINITIONS = (
					"DEBUG=1",
					"$(inherited)",
				);
				GCC_WARN_64_TO_32_BIT_CONVERSION = YES;
				GCC_WARN_ABOUT_RETURN_TYPE = YES_ERROR;
				GCC_WARN_UNDECLARED_SELECTOR = YES;
				GCC_WARN_UNINITIALIZED_AUTOS = YES_AGGRESSIVE;
				GCC_WARN_UNUSED_FUNCTION = YES;
				GCC_WARN_UNUSED_VARIABLE = YES;
				IPHONEOS_DEPLOYMENT_TARGET = 12.2;
				MTL_ENABLE_DEBUG_INFO = INCLUDE_SOURCE;
				MTL_FAST_MATH = YES;
				ONLY_ACTIVE_ARCH = YES;
				SDKROOT = iphoneos;
			};
			name = Debug;
		};
		610D4BBA229385F900FE520D /* Release */ = {
			isa = XCBuildConfiguration;
			buildSettings = {
				ALWAYS_SEARCH_USER_PATHS = NO;
				CLANG_ANALYZER_NONNULL = YES;
				CLANG_ANALYZER_NUMBER_OBJECT_CONVERSION = YES_AGGRESSIVE;
				CLANG_CXX_LANGUAGE_STANDARD = "gnu++14";
				CLANG_CXX_LIBRARY = "libc++";
				CLANG_ENABLE_MODULES = YES;
				CLANG_ENABLE_OBJC_ARC = YES;
				CLANG_ENABLE_OBJC_WEAK = YES;
				CLANG_WARN_BLOCK_CAPTURE_AUTORELEASING = YES;
				CLANG_WARN_BOOL_CONVERSION = YES;
				CLANG_WARN_COMMA = YES;
				CLANG_WARN_CONSTANT_CONVERSION = YES;
				CLANG_WARN_DEPRECATED_OBJC_IMPLEMENTATIONS = YES;
				CLANG_WARN_DIRECT_OBJC_ISA_USAGE = YES_ERROR;
				CLANG_WARN_DOCUMENTATION_COMMENTS = YES;
				CLANG_WARN_EMPTY_BODY = YES;
				CLANG_WARN_ENUM_CONVERSION = YES;
				CLANG_WARN_INFINITE_RECURSION = YES;
				CLANG_WARN_INT_CONVERSION = YES;
				CLANG_WARN_NON_LITERAL_NULL_CONVERSION = YES;
				CLANG_WARN_OBJC_IMPLICIT_RETAIN_SELF = YES;
				CLANG_WARN_OBJC_LITERAL_CONVERSION = YES;
				CLANG_WARN_OBJC_ROOT_CLASS = YES_ERROR;
				CLANG_WARN_RANGE_LOOP_ANALYSIS = YES;
				CLANG_WARN_STRICT_PROTOTYPES = YES;
				CLANG_WARN_SUSPICIOUS_MOVE = YES;
				CLANG_WARN_UNGUARDED_AVAILABILITY = YES_AGGRESSIVE;
				CLANG_WARN_UNREACHABLE_CODE = YES;
				CLANG_WARN__DUPLICATE_METHOD_MATCH = YES;
				CODE_SIGN_IDENTITY = "iPhone Developer";
				COPY_PHASE_STRIP = NO;
				DEBUG_INFORMATION_FORMAT = "dwarf-with-dsym";
				ENABLE_NS_ASSERTIONS = NO;
				ENABLE_STRICT_OBJC_MSGSEND = YES;
				GCC_C_LANGUAGE_STANDARD = gnu11;
				GCC_NO_COMMON_BLOCKS = YES;
				GCC_WARN_64_TO_32_BIT_CONVERSION = YES;
				GCC_WARN_ABOUT_RETURN_TYPE = YES_ERROR;
				GCC_WARN_UNDECLARED_SELECTOR = YES;
				GCC_WARN_UNINITIALIZED_AUTOS = YES_AGGRESSIVE;
				GCC_WARN_UNUSED_FUNCTION = YES;
				GCC_WARN_UNUSED_VARIABLE = YES;
				IPHONEOS_DEPLOYMENT_TARGET = 12.2;
				MTL_ENABLE_DEBUG_INFO = NO;
				MTL_FAST_MATH = YES;
				SDKROOT = iphoneos;
				VALIDATE_PRODUCT = YES;
			};
			name = Release;
		};
		610D4BBC229385F900FE520D /* Debug */ = {
			isa = XCBuildConfiguration;
			buildSettings = {
				ASSETCATALOG_COMPILER_APPICON_NAME = AppIcon;
				CLANG_WARN_OBJC_IMPLICIT_RETAIN_SELF = NO;
				CODE_SIGN_STYLE = Automatic;
				INFOPLIST_FILE = calculator_test/Info.plist;
				LD_RUNPATH_SEARCH_PATHS = (
					"$(inherited)",
					"@executable_path/Frameworks",
				);
				PRODUCT_BUNDLE_IDENTIFIER = "test.calculator-test";
				PRODUCT_NAME = "$(TARGET_NAME)";
				TARGETED_DEVICE_FAMILY = 1;
				USER_HEADER_SEARCH_PATHS = (
					"$(PODS_ROOT)/**",
					"$(SRCROOT)/DataBase",
				);
			};
			name = Debug;
		};
		610D4BBD229385F900FE520D /* Release */ = {
			isa = XCBuildConfiguration;
			buildSettings = {
				ASSETCATALOG_COMPILER_APPICON_NAME = AppIcon;
				CLANG_WARN_OBJC_IMPLICIT_RETAIN_SELF = NO;
				CODE_SIGN_STYLE = Automatic;
				INFOPLIST_FILE = calculator_test/Info.plist;
				LD_RUNPATH_SEARCH_PATHS = (
					"$(inherited)",
					"@executable_path/Frameworks",
				);
				PRODUCT_BUNDLE_IDENTIFIER = "test.calculator-test";
				PRODUCT_NAME = "$(TARGET_NAME)";
				TARGETED_DEVICE_FAMILY = 1;
				USER_HEADER_SEARCH_PATHS = (
					"$(PODS_ROOT)/**",
					"$(SRCROOT)/DataBase",
				);
			};
			name = Release;
		};
		610D4BBF229385F900FE520D /* Debug */ = {
			isa = XCBuildConfiguration;
			buildSettings = {
				CODE_SIGN_STYLE = Automatic;
				INFOPLIST_FILE = calculator_testUITests/Info.plist;
				LD_RUNPATH_SEARCH_PATHS = (
					"$(inherited)",
					"@executable_path/Frameworks",
					"@loader_path/Frameworks",
				);
				PRODUCT_BUNDLE_IDENTIFIER = "test.calculator-testUITests";
				PRODUCT_NAME = "$(TARGET_NAME)";
				TARGETED_DEVICE_FAMILY = "1,2";
				TEST_TARGET_NAME = calculator_test;
			};
			name = Debug;
		};
		610D4BC0229385F900FE520D /* Release */ = {
			isa = XCBuildConfiguration;
			buildSettings = {
				CODE_SIGN_STYLE = Automatic;
				INFOPLIST_FILE = calculator_testUITests/Info.plist;
				LD_RUNPATH_SEARCH_PATHS = (
					"$(inherited)",
					"@executable_path/Frameworks",
					"@loader_path/Frameworks",
				);
				PRODUCT_BUNDLE_IDENTIFIER = "test.calculator-testUITests";
				PRODUCT_NAME = "$(TARGET_NAME)";
				TARGETED_DEVICE_FAMILY = "1,2";
				TEST_TARGET_NAME = calculator_test;
			};
			name = Release;
		};
/* End XCBuildConfiguration section */

/* Begin XCConfigurationList section */
		610D4B95229385EF00FE520D /* Build configuration list for PBXProject "calculator_test" */ = {
			isa = XCConfigurationList;
			buildConfigurations = (
				610D4BB9229385F900FE520D /* Debug */,
				610D4BBA229385F900FE520D /* Release */,
			);
			defaultConfigurationIsVisible = 0;
			defaultConfigurationName = Release;
		};
		610D4BBB229385F900FE520D /* Build configuration list for PBXNativeTarget "calculator_test" */ = {
			isa = XCConfigurationList;
			buildConfigurations = (
				610D4BBC229385F900FE520D /* Debug */,
				610D4BBD229385F900FE520D /* Release */,
			);
			defaultConfigurationIsVisible = 0;
			defaultConfigurationName = Release;
		};
		610D4BBE229385F900FE520D /* Build configuration list for PBXNativeTarget "calculator_testUITests" */ = {
			isa = XCConfigurationList;
			buildConfigurations = (
				610D4BBF229385F900FE520D /* Debug */,
				610D4BC0229385F900FE520D /* Release */,
			);
			defaultConfigurationIsVisible = 0;
			defaultConfigurationName = Release;
		};
/* End XCConfigurationList section */
	};
	rootObject = 610D4B92229385EF00FE520D /* Project object */;
}
